
Microsoft Visual Studio Solution File, Format Version 12.00
# Visual Studio Version 17
VisualStudioVersion = 17.10.34916.146
MinimumVisualStudioVersion = 10.0.40219.1
Project("{9A19103F-16F7-4668-BE54-9A1E7A4F7556}") = "RainDropAutomations.Youtube", "YoutubeAutomation\RainDropAutomations.Youtube.csproj", "{94956096-AC84-467D-8911-EC947706E92E}"
EndProject
Project("{FAE04EC0-301F-11D3-BF4B-00C04F79EFBC}") = "RaindropAutomations", "RaindropAutomations\RaindropAutomations.csproj", "{0FD11D51-9283-44AA-9D4B-508B93444683}"
EndProject
Global
	GlobalSection(SolutionConfigurationPlatforms) = preSolution
		Debug|Any CPU = Debug|Any CPU
		Release|Any CPU = Release|Any CPU
	EndGlobalSection
	GlobalSection(ProjectConfigurationPlatforms) = postSolution
		{94956096-AC84-467D-8911-EC947706E92E}.Debug|Any CPU.ActiveCfg = Debug|Any CPU
		{94956096-AC84-467D-8911-EC947706E92E}.Debug|Any CPU.Build.0 = Debug|Any CPU
		{94956096-AC84-467D-8911-EC947706E92E}.Release|Any CPU.ActiveCfg = Release|Any CPU
		{94956096-AC84-467D-8911-EC947706E92E}.Release|Any CPU.Build.0 = Release|Any CPU
		{0FD11D51-9283-44AA-9D4B-508B93444683}.Debug|Any CPU.ActiveCfg = Debug|Any CPU
		{0FD11D51-9283-44AA-9D4B-508B93444683}.Debug|Any CPU.Build.0 = Debug|Any CPU
		{0FD11D51-9283-44AA-9D4B-508B93444683}.Release|Any CPU.ActiveCfg = Release|Any CPU
		{0FD11D51-9283-44AA-9D4B-508B93444683}.Release|Any CPU.Build.0 = Release|Any CPU
	EndGlobalSection
	GlobalSection(SolutionProperties) = preSolution
		HideSolutionNode = FALSE
	EndGlobalSection
	GlobalSection(ExtensibilityGlobals) = postSolution
		SolutionGuid = {F31D961D-433E-4745-A4EC-99E60900C6FD}
	EndGlobalSection
EndGlobal
